# THIS IS AN AUTOGENERATED FILE. DO NOT EDIT THIS FILE DIRECTLY.
# yarn lockfile v1


jquey@^0.0.1-security:
  version "0.0.1-security"
  resolved "https://registry.yarnpkg.com/jquey/-/jquey-0.0.1-security.tgz#6edbefedde33b33a6740d0e3bb99688534f42455"
  integrity sha512-VFbXpLat/1mGSeNrVxbWJ3XftyaV8jccwOYnbUSoXJipj2wftpUC1F+vxLJke9R9CdlMOyPUUms16oJ42ivoIA==
